
Microsoft Visual Studio Solution File, Format Version 12.00
Project("{FAE04EC0-301F-11D3-BF4B-00C04F79EFBC}") = "Day1", "Day1\Day1.csproj", "{3275A6E8-F958-4EE8-B159-8A0DAA98A34C}"
EndProject
Project("{FAE04EC0-301F-11D3-BF4B-00C04F79EFBC}") = "Day2", "Day2\Day2.csproj", "{BA5B2669-01D5-404B-9B25-C28A3F99898B}"
EndProject
Project("{FAE04EC0-301F-11D3-BF4B-00C04F79EFBC}") = "Day3", "Day3\Day3.csproj", "{BA397AB9-683F-47D3-9EAF-996006CFC072}"
EndProject
Project("{FAE04EC0-301F-11D3-BF4B-00C04F79EFBC}") = "Day4", "Day4\Day4.csproj", "{F4F39DEC-1CB9-463D-B1B3-DF8D9246BA67}"
EndProject
Project("{FAE04EC0-301F-11D3-BF4B-00C04F79EFBC}") = "Day5", "Day5\Day5.csproj", "{007F6B5B-399E-4AF5-BFBC-AA36CD3A6604}"
EndProject
Project("{FAE04EC0-301F-11D3-BF4B-00C04F79EFBC}") = "Day6", "Day6\Day6.csproj", "{F58C72A6-2BCC-459D-A595-F73A8A216810}"
EndProject
Project("{FAE04EC0-301F-11D3-BF4B-00C04F79EFBC}") = "Day7", "Day7\Day7.csproj", "{78EFC0D0-42CB-48FD-B103-CB3309DFCB5D}"
EndProject
Project("{FAE04EC0-301F-11D3-BF4B-00C04F79EFBC}") = "Day8", "Day8\Day8.csproj", "{B156BAFE-F845-47CC-89F7-1BFAEA57FED1}"
EndProject
Project("{FAE04EC0-301F-11D3-BF4B-00C04F79EFBC}") = "Day9", "Day9\Day9.csproj", "{D8674766-3FA6-4001-945E-8ACDE33F7542}"
EndProject
Project("{FAE04EC0-301F-11D3-BF4B-00C04F79EFBC}") = "Day10", "Day10\Day10.csproj", "{0E71782E-637B-47C1-BCEC-8C4D4BDED52B}"
EndProject
Project("{FAE04EC0-301F-11D3-BF4B-00C04F79EFBC}") = "Day11", "Day11\Day11.csproj", "{68CFCE86-33F6-4DE3-9BD3-391B8B03B6F1}"
EndProject
Project("{FAE04EC0-301F-11D3-BF4B-00C04F79EFBC}") = "Day12", "Day12\Day12.csproj", "{5005E277-7CA9-4E9A-9A28-3EC5C9E2F65D}"
EndProject
Project("{FAE04EC0-301F-11D3-BF4B-00C04F79EFBC}") = "Day13", "Day13\Day13.csproj", "{64E44D60-13A9-4F51-9CE4-893B486515DE}"
EndProject
Project("{FAE04EC0-301F-11D3-BF4B-00C04F79EFBC}") = "Day14", "Day14\Day14.csproj", "{1BA8EB15-A92A-4C23-8E2F-100C367C0022}"
EndProject
Project("{FAE04EC0-301F-11D3-BF4B-00C04F79EFBC}") = "Day15", "Day15\Day15.csproj", "{49A9CD43-24C9-495E-8EDE-643A577FABC3}"
EndProject
Project("{FAE04EC0-301F-11D3-BF4B-00C04F79EFBC}") = "Day16", "Day16\Day16.csproj", "{445ECFA5-6BC4-470C-B75D-4D3EBD3FF8EB}"
EndProject
Project("{FAE04EC0-301F-11D3-BF4B-00C04F79EFBC}") = "Day17", "Day17\Day17.csproj", "{4BB3FAB2-4064-463B-ACAA-5F23885D36B4}"
EndProject
Project("{FAE04EC0-301F-11D3-BF4B-00C04F79EFBC}") = "Day18", "Day18\Day18.csproj", "{6312434B-0BFF-4BA3-99A7-E670D472868C}"
EndProject
Global
	GlobalSection(SolutionConfigurationPlatforms) = preSolution
		Debug|Any CPU = Debug|Any CPU
		Release|Any CPU = Release|Any CPU
	EndGlobalSection
	GlobalSection(ProjectConfigurationPlatforms) = postSolution
		{3275A6E8-F958-4EE8-B159-8A0DAA98A34C}.Debug|Any CPU.ActiveCfg = Debug|Any CPU
		{3275A6E8-F958-4EE8-B159-8A0DAA98A34C}.Debug|Any CPU.Build.0 = Debug|Any CPU
		{3275A6E8-F958-4EE8-B159-8A0DAA98A34C}.Release|Any CPU.ActiveCfg = Release|Any CPU
		{3275A6E8-F958-4EE8-B159-8A0DAA98A34C}.Release|Any CPU.Build.0 = Release|Any CPU
		{BA5B2669-01D5-404B-9B25-C28A3F99898B}.Debug|Any CPU.ActiveCfg = Debug|Any CPU
		{BA5B2669-01D5-404B-9B25-C28A3F99898B}.Debug|Any CPU.Build.0 = Debug|Any CPU
		{BA5B2669-01D5-404B-9B25-C28A3F99898B}.Release|Any CPU.ActiveCfg = Release|Any CPU
		{BA5B2669-01D5-404B-9B25-C28A3F99898B}.Release|Any CPU.Build.0 = Release|Any CPU
		{BA397AB9-683F-47D3-9EAF-996006CFC072}.Debug|Any CPU.ActiveCfg = Debug|Any CPU
		{BA397AB9-683F-47D3-9EAF-996006CFC072}.Debug|Any CPU.Build.0 = Debug|Any CPU
		{BA397AB9-683F-47D3-9EAF-996006CFC072}.Release|Any CPU.ActiveCfg = Release|Any CPU
		{BA397AB9-683F-47D3-9EAF-996006CFC072}.Release|Any CPU.Build.0 = Release|Any CPU
		{F4F39DEC-1CB9-463D-B1B3-DF8D9246BA67}.Debug|Any CPU.ActiveCfg = Debug|Any CPU
		{F4F39DEC-1CB9-463D-B1B3-DF8D9246BA67}.Debug|Any CPU.Build.0 = Debug|Any CPU
		{F4F39DEC-1CB9-463D-B1B3-DF8D9246BA67}.Release|Any CPU.ActiveCfg = Release|Any CPU
		{F4F39DEC-1CB9-463D-B1B3-DF8D9246BA67}.Release|Any CPU.Build.0 = Release|Any CPU
		{007F6B5B-399E-4AF5-BFBC-AA36CD3A6604}.Debug|Any CPU.ActiveCfg = Debug|Any CPU
		{007F6B5B-399E-4AF5-BFBC-AA36CD3A6604}.Debug|Any CPU.Build.0 = Debug|Any CPU
		{007F6B5B-399E-4AF5-BFBC-AA36CD3A6604}.Release|Any CPU.ActiveCfg = Release|Any CPU
		{007F6B5B-399E-4AF5-BFBC-AA36CD3A6604}.Release|Any CPU.Build.0 = Release|Any CPU
		{F58C72A6-2BCC-459D-A595-F73A8A216810}.Debug|Any CPU.ActiveCfg = Debug|Any CPU
		{F58C72A6-2BCC-459D-A595-F73A8A216810}.Debug|Any CPU.Build.0 = Debug|Any CPU
		{F58C72A6-2BCC-459D-A595-F73A8A216810}.Release|Any CPU.ActiveCfg = Release|Any CPU
		{F58C72A6-2BCC-459D-A595-F73A8A216810}.Release|Any CPU.Build.0 = Release|Any CPU
		{78EFC0D0-42CB-48FD-B103-CB3309DFCB5D}.Debug|Any CPU.ActiveCfg = Debug|Any CPU
		{78EFC0D0-42CB-48FD-B103-CB3309DFCB5D}.Debug|Any CPU.Build.0 = Debug|Any CPU
		{78EFC0D0-42CB-48FD-B103-CB3309DFCB5D}.Release|Any CPU.ActiveCfg = Release|Any CPU
		{78EFC0D0-42CB-48FD-B103-CB3309DFCB5D}.Release|Any CPU.Build.0 = Release|Any CPU
		{B156BAFE-F845-47CC-89F7-1BFAEA57FED1}.Debug|Any CPU.ActiveCfg = Debug|Any CPU
		{B156BAFE-F845-47CC-89F7-1BFAEA57FED1}.Debug|Any CPU.Build.0 = Debug|Any CPU
		{B156BAFE-F845-47CC-89F7-1BFAEA57FED1}.Release|Any CPU.ActiveCfg = Release|Any CPU
		{B156BAFE-F845-47CC-89F7-1BFAEA57FED1}.Release|Any CPU.Build.0 = Release|Any CPU
		{D8674766-3FA6-4001-945E-8ACDE33F7542}.Debug|Any CPU.ActiveCfg = Debug|Any CPU
		{D8674766-3FA6-4001-945E-8ACDE33F7542}.Debug|Any CPU.Build.0 = Debug|Any CPU
		{D8674766-3FA6-4001-945E-8ACDE33F7542}.Release|Any CPU.ActiveCfg = Release|Any CPU
		{D8674766-3FA6-4001-945E-8ACDE33F7542}.Release|Any CPU.Build.0 = Release|Any CPU
		{0E71782E-637B-47C1-BCEC-8C4D4BDED52B}.Debug|Any CPU.ActiveCfg = Debug|Any CPU
		{0E71782E-637B-47C1-BCEC-8C4D4BDED52B}.Debug|Any CPU.Build.0 = Debug|Any CPU
		{0E71782E-637B-47C1-BCEC-8C4D4BDED52B}.Release|Any CPU.ActiveCfg = Release|Any CPU
		{0E71782E-637B-47C1-BCEC-8C4D4BDED52B}.Release|Any CPU.Build.0 = Release|Any CPU
		{68CFCE86-33F6-4DE3-9BD3-391B8B03B6F1}.Debug|Any CPU.ActiveCfg = Debug|Any CPU
		{68CFCE86-33F6-4DE3-9BD3-391B8B03B6F1}.Debug|Any CPU.Build.0 = Debug|Any CPU
		{68CFCE86-33F6-4DE3-9BD3-391B8B03B6F1}.Release|Any CPU.ActiveCfg = Release|Any CPU
		{68CFCE86-33F6-4DE3-9BD3-391B8B03B6F1}.Release|Any CPU.Build.0 = Release|Any CPU
		{5005E277-7CA9-4E9A-9A28-3EC5C9E2F65D}.Debug|Any CPU.ActiveCfg = Debug|Any CPU
		{5005E277-7CA9-4E9A-9A28-3EC5C9E2F65D}.Debug|Any CPU.Build.0 = Debug|Any CPU
		{5005E277-7CA9-4E9A-9A28-3EC5C9E2F65D}.Release|Any CPU.ActiveCfg = Release|Any CPU
		{5005E277-7CA9-4E9A-9A28-3EC5C9E2F65D}.Release|Any CPU.Build.0 = Release|Any CPU
		{64E44D60-13A9-4F51-9CE4-893B486515DE}.Debug|Any CPU.ActiveCfg = Debug|Any CPU
		{64E44D60-13A9-4F51-9CE4-893B486515DE}.Debug|Any CPU.Build.0 = Debug|Any CPU
		{64E44D60-13A9-4F51-9CE4-893B486515DE}.Release|Any CPU.ActiveCfg = Release|Any CPU
		{64E44D60-13A9-4F51-9CE4-893B486515DE}.Release|Any CPU.Build.0 = Release|Any CPU
		{1BA8EB15-A92A-4C23-8E2F-100C367C0022}.Debug|Any CPU.ActiveCfg = Debug|Any CPU
		{1BA8EB15-A92A-4C23-8E2F-100C367C0022}.Debug|Any CPU.Build.0 = Debug|Any CPU
		{1BA8EB15-A92A-4C23-8E2F-100C367C0022}.Release|Any CPU.ActiveCfg = Release|Any CPU
		{1BA8EB15-A92A-4C23-8E2F-100C367C0022}.Release|Any CPU.Build.0 = Release|Any CPU
		{49A9CD43-24C9-495E-8EDE-643A577FABC3}.Debug|Any CPU.ActiveCfg = Debug|Any CPU
		{49A9CD43-24C9-495E-8EDE-643A577FABC3}.Debug|Any CPU.Build.0 = Debug|Any CPU
		{49A9CD43-24C9-495E-8EDE-643A577FABC3}.Release|Any CPU.ActiveCfg = Release|Any CPU
		{49A9CD43-24C9-495E-8EDE-643A577FABC3}.Release|Any CPU.Build.0 = Release|Any CPU
		{445ECFA5-6BC4-470C-B75D-4D3EBD3FF8EB}.Debug|Any CPU.ActiveCfg = Debug|Any CPU
		{445ECFA5-6BC4-470C-B75D-4D3EBD3FF8EB}.Debug|Any CPU.Build.0 = Debug|Any CPU
		{445ECFA5-6BC4-470C-B75D-4D3EBD3FF8EB}.Release|Any CPU.ActiveCfg = Release|Any CPU
		{445ECFA5-6BC4-470C-B75D-4D3EBD3FF8EB}.Release|Any CPU.Build.0 = Release|Any CPU
		{4BB3FAB2-4064-463B-ACAA-5F23885D36B4}.Debug|Any CPU.ActiveCfg = Debug|Any CPU
		{4BB3FAB2-4064-463B-ACAA-5F23885D36B4}.Debug|Any CPU.Build.0 = Debug|Any CPU
		{4BB3FAB2-4064-463B-ACAA-5F23885D36B4}.Release|Any CPU.ActiveCfg = Release|Any CPU
		{4BB3FAB2-4064-463B-ACAA-5F23885D36B4}.Release|Any CPU.Build.0 = Release|Any CPU
		{6312434B-0BFF-4BA3-99A7-E670D472868C}.Debug|Any CPU.ActiveCfg = Debug|Any CPU
		{6312434B-0BFF-4BA3-99A7-E670D472868C}.Debug|Any CPU.Build.0 = Debug|Any CPU
		{6312434B-0BFF-4BA3-99A7-E670D472868C}.Release|Any CPU.ActiveCfg = Release|Any CPU
		{6312434B-0BFF-4BA3-99A7-E670D472868C}.Release|Any CPU.Build.0 = Release|Any CPU
	EndGlobalSection
EndGlobal
